// !$*UTF8*$!
{
	archiveVersion = 1;
	classes = {
	};
	objectVersion = 46;
	objects = {

/* Begin PBXBuildFile section */
		A3D9A337138EA2D100AFBA90 /* UIKit.framework in Frameworks */ = {isa = PBXBuildFile; fileRef = A3D9A336138EA2D100AFBA90 /* UIKit.framework */; };
		A3D9A339138EA2D100AFBA90 /* Foundation.framework in Frameworks */ = {isa = PBXBuildFile; fileRef = A3D9A338138EA2D100AFBA90 /* Foundation.framework */; };
		A3D9A33B138EA2D100AFBA90 /* CoreGraphics.framework in Frameworks */ = {isa = PBXBuildFile; fileRef = A3D9A33A138EA2D100AFBA90 /* CoreGraphics.framework */; };
		A3D9A341138EA2D100AFBA90 /* InfoPlist.strings in Resources */ = {isa = PBXBuildFile; fileRef = A3D9A33F138EA2D100AFBA90 /* InfoPlist.strings */; };
		A3D9A344138EA2D100AFBA90 /* main.m in Sources */ = {isa = PBXBuildFile; fileRef = A3D9A343138EA2D100AFBA90 /* main.m */; };
		A3D9A347138EA2D100AFBA90 /* SlidingTableCellAppDelegate.m in Sources */ = {isa = PBXBuildFile; fileRef = A3D9A346138EA2D100AFBA90 /* SlidingTableCellAppDelegate.m */; };
		A3D9A34A138EA2D100AFBA90 /* MainWindow.xib in Resources */ = {isa = PBXBuildFile; fileRef = A3D9A348138EA2D100AFBA90 /* MainWindow.xib */; };
		A3D9A34D138EA2D100AFBA90 /* SlidingTableCellViewController.m in Sources */ = {isa = PBXBuildFile; fileRef = A3D9A34C138EA2D100AFBA90 /* SlidingTableCellViewController.m */; };
		A3D9A350138EA2D100AFBA90 /* SlidingTableCellViewController.xib in Resources */ = {isa = PBXBuildFile; fileRef = A3D9A34E138EA2D100AFBA90 /* SlidingTableCellViewController.xib */; };
		A3D9A358138EA40900AFBA90 /* LRSlidingTableViewCell.m in Sources */ = {isa = PBXBuildFile; fileRef = A3D9A357138EA40900AFBA90 /* LRSlidingTableViewCell.m */; };
/* End PBXBuildFile section */

/* Begin PBXFileReference section */
		A3D9A332138EA2D100AFBA90 /* SlidingTableCell.app */ = {isa = PBXFileReference; explicitFileType = wrapper.application; includeInIndex = 0; path = SlidingTableCell.app; sourceTree = BUILT_PRODUCTS_DIR; };
		A3D9A336138EA2D100AFBA90 /* UIKit.framework */ = {isa = PBXFileReference; lastKnownFileType = wrapper.framework; name = UIKit.framework; path = System/Library/Frameworks/UIKit.framework; sourceTree = SDKROOT; };
		A3D9A338138EA2D100AFBA90 /* Foundation.framework */ = {isa = PBXFileReference; lastKnownFileType = wrapper.framework; name = Foundation.framework; path = System/Library/Frameworks/Foundation.framework; sourceTree = SDKROOT; };
		A3D9A33A138EA2D100AFBA90 /* CoreGraphics.framework */ = {isa = PBXFileReference; lastKnownFileType = wrapper.framework; name = CoreGraphics.framework; path = System/Library/Frameworks/CoreGraphics.framework; sourceTree = SDKROOT; };
		A3D9A33E138EA2D100AFBA90 /* SlidingTableCell-Info.plist */ = {isa = PBXFileReference; lastKnownFileType = text.plist.xml; path = "SlidingTableCell-Info.plist"; sourceTree = "<group>"; };
		A3D9A340138EA2D100AFBA90 /* en */ = {isa = PBXFileReference; lastKnownFileType = text.plist.strings; name = en; path = en.lproj/InfoPlist.strings; sourceTree = "<group>"; };
		A3D9A342138EA2D100AFBA90 /* SlidingTableCell-Prefix.pch */ = {isa = PBXFileReference; lastKnownFileType = sourcecode.c.h; path = "SlidingTableCell-Prefix.pch"; sourceTree = "<group>"; };
		A3D9A343138EA2D100AFBA90 /* main.m */ = {isa = PBXFileReference; lastKnownFileType = sourcecode.c.objc; path = main.m; sourceTree = "<group>"; };
		A3D9A345138EA2D100AFBA90 /* SlidingTableCellAppDelegate.h */ = {isa = PBXFileReference; lastKnownFileType = sourcecode.c.h; path = SlidingTableCellAppDelegate.h; sourceTree = "<group>"; };
		A3D9A346138EA2D100AFBA90 /* SlidingTableCellAppDelegate.m */ = {isa = PBXFileReference; lastKnownFileType = sourcecode.c.objc; path = SlidingTableCellAppDelegate.m; sourceTree = "<group>"; };
		A3D9A349138EA2D100AFBA90 /* en */ = {isa = PBXFileReference; lastKnownFileType = file.xib; name = en; path = en.lproj/MainWindow.xib; sourceTree = "<group>"; };
		A3D9A34B138EA2D100AFBA90 /* SlidingTableCellViewController.h */ = {isa = PBXFileReference; lastKnownFileType = sourcecode.c.h; path = SlidingTableCellViewController.h; sourceTree = "<group>"; };
		A3D9A34C138EA2D100AFBA90 /* SlidingTableCellViewController.m */ = {isa = PBXFileReference; lastKnownFileType = sourcecode.c.objc; path = SlidingTableCellViewController.m; sourceTree = "<group>"; };
		A3D9A34F138EA2D100AFBA90 /* en */ = {isa = PBXFileReference; lastKnownFileType = file.xib; name = en; path = en.lproj/SlidingTableCellViewController.xib; sourceTree = "<group>"; };
		A3D9A356138EA40900AFBA90 /* LRSlidingTableViewCell.h */ = {isa = PBXFileReference; fileEncoding = 4; lastKnownFileType = sourcecode.c.h; path = LRSlidingTableViewCell.h; sourceTree = "<group>"; };
		A3D9A357138EA40900AFBA90 /* LRSlidingTableViewCell.m */ = {isa = PBXFileReference; fileEncoding = 4; lastKnownFileType = sourcecode.c.objc; path = LRSlidingTableViewCell.m; sourceTree = "<group>"; };
/* End PBXFileReference section */

/* Begin PBXFrameworksBuildPhase section */
		A3D9A32F138EA2D100AFBA90 /* Frameworks */ = {
			isa = PBXFrameworksBuildPhase;
			buildActionMask = 2147483647;
			files = (
				A3D9A337138EA2D100AFBA90 /* UIKit.framework in Frameworks */,
				A3D9A339138EA2D100AFBA90 /* Foundation.framework in Frameworks */,
				A3D9A33B138EA2D100AFBA90 /* CoreGraphics.framework in Frameworks */,
			);
			runOnlyForDeploymentPostprocessing = 0;
		};
/* End PBXFrameworksBuildPhase section */

/* Begin PBXGroup section */
		A3B5AE601399331100003CB2 /* Sample */ = {
			isa = PBXGroup;
			children = (
				A3D9A34B138EA2D100AFBA90 /* SlidingTableCellViewController.h */,
				A3D9A34C138EA2D100AFBA90 /* SlidingTableCellViewController.m */,
				A3D9A34E138EA2D100AFBA90 /* SlidingTableCellViewController.xib */,
				A3D9A33D138EA2D100AFBA90 /* Supporting Files */,
				A3D9A345138EA2D100AFBA90 /* SlidingTableCellAppDelegate.h */,
				A3D9A346138EA2D100AFBA90 /* SlidingTableCellAppDelegate.m */,
				A3D9A348138EA2D100AFBA90 /* MainWindow.xib */,
			);
			name = Sample;
			path = SlidingTableCell/Sample;
			sourceTree = SOURCE_ROOT;
		};
		A3D9A327138EA2D100AFBA90 = {
			isa = PBXGroup;
			children = (
				A3D9A33C138EA2D100AFBA90 /* SlidingTableCell */,
				A3D9A335138EA2D100AFBA90 /* Frameworks */,
				A3D9A333138EA2D100AFBA90 /* Products */,
			);
			sourceTree = "<group>";
		};
		A3D9A333138EA2D100AFBA90 /* Products */ = {
			isa = PBXGroup;
			children = (
				A3D9A332138EA2D100AFBA90 /* SlidingTableCell.app */,
			);
			name = Products;
			sourceTree = "<group>";
		};
		A3D9A335138EA2D100AFBA90 /* Frameworks */ = {
			isa = PBXGroup;
			children = (
				A3D9A336138EA2D100AFBA90 /* UIKit.framework */,
				A3D9A338138EA2D100AFBA90 /* Foundation.framework */,
				A3D9A33A138EA2D100AFBA90 /* CoreGraphics.framework */,
			);
			name = Frameworks;
			sourceTree = "<group>";
		};
		A3D9A33C138EA2D100AFBA90 /* SlidingTableCell */ = {
			isa = PBXGroup;
			children = (
				A3B5AE601399331100003CB2 /* Sample */,
				A3D9A356138EA40900AFBA90 /* LRSlidingTableViewCell.h */,
				A3D9A357138EA40900AFBA90 /* LRSlidingTableViewCell.m */,
			);
			path = SlidingTableCell;
			sourceTree = "<group>";
		};
		A3D9A33D138EA2D100AFBA90 /* Supporting Files */ = {
			isa = PBXGroup;
			children = (
				A3D9A33E138EA2D100AFBA90 /* SlidingTableCell-Info.plist */,
				A3D9A33F138EA2D100AFBA90 /* InfoPlist.strings */,
				A3D9A342138EA2D100AFBA90 /* SlidingTableCell-Prefix.pch */,
				A3D9A343138EA2D100AFBA90 /* main.m */,
			);
			name = "Supporting Files";
			sourceTree = "<group>";
		};
/* End PBXGroup section */

/* Begin PBXNativeTarget section */
		A3D9A331138EA2D100AFBA90 /* SlidingTableCell */ = {
			isa = PBXNativeTarget;
			buildConfigurationList = A3D9A353138EA2D100AFBA90 /* Build configuration list for PBXNativeTarget "SlidingTableCell" */;
			buildPhases = (
				A3D9A32E138EA2D100AFBA90 /* Sources */,
				A3D9A32F138EA2D100AFBA90 /* Frameworks */,
				A3D9A330138EA2D100AFBA90 /* Resources */,
			);
			buildRules = (
			);
			dependencies = (
			);
			name = SlidingTableCell;
			productName = SlidingTableCell;
			productReference = A3D9A332138EA2D100AFBA90 /* SlidingTableCell.app */;
			productType = "com.apple.product-type.application";
		};
/* End PBXNativeTarget section */

/* Begin PBXProject section */
		A3D9A329138EA2D100AFBA90 /* Project object */ = {
			isa = PBXProject;
			attributes = {
				ORGANIZATIONNAME = "LJR Software Limited";
			};
			buildConfigurationList = A3D9A32C138EA2D100AFBA90 /* Build configuration list for PBXProject "SlidingTableCell" */;
			compatibilityVersion = "Xcode 3.2";
			developmentRegion = English;
			hasScannedForEncodings = 0;
			knownRegions = (
				en,
			);
			mainGroup = A3D9A327138EA2D100AFBA90;
			productRefGroup = A3D9A333138EA2D100AFBA90 /* Products */;
			projectDirPath = "";
			projectRoot = "";
			targets = (
				A3D9A331138EA2D100AFBA90 /* SlidingTableCell */,
			);
		};
/* End PBXProject section */

/* Begin PBXResourcesBuildPhase section */
		A3D9A330138EA2D100AFBA90 /* Resources */ = {
			isa = PBXResourcesBuildPhase;
			buildActionMask = 2147483647;
			files = (
				A3D9A341138EA2D100AFBA90 /* InfoPlist.strings in Resources */,
				A3D9A34A138EA2D100AFBA90 /* MainWindow.xib in Resources */,
				A3D9A350138EA2D100AFBA90 /* SlidingTableCellViewController.xib in Resources */,
			);
			runOnlyForDeploymentPostprocessing = 0;
		};
/* End PBXResourcesBuildPhase section */

/* Begin PBXSourcesBuildPhase section */
		A3D9A32E138EA2D100AFBA90 /* Sources */ = {
			isa = PBXSourcesBuildPhase;
			buildActionMask = 2147483647;
			files = (
				A3D9A344138EA2D100AFBA90 /* main.m in Sources */,
				A3D9A347138EA2D100AFBA90 /* SlidingTableCellAppDelegate.m in Sources */,
				A3D9A34D138EA2D100AFBA90 /* SlidingTableCellViewController.m in Sources */,
				A3D9A358138EA40900AFBA90 /* LRSlidingTableViewCell.m in Sources */,
			);
			runOnlyForDeploymentPostprocessing = 0;
		};
/* End PBXSourcesBuildPhase section */

/* Begin PBXVariantGroup section */
		A3D9A33F138EA2D100AFBA90 /* InfoPlist.strings */ = {
			isa = PBXVariantGroup;
			children = (
				A3D9A340138EA2D100AFBA90 /* en */,
			);
			name = InfoPlist.strings;
			sourceTree = "<group>";
		};
		A3D9A348138EA2D100AFBA90 /* MainWindow.xib */ = {
			isa = PBXVariantGroup;
			children = (
				A3D9A349138EA2D100AFBA90 /* en */,
			);
			name = MainWindow.xib;
			sourceTree = "<group>";
		};
		A3D9A34E138EA2D100AFBA90 /* SlidingTableCellViewController.xib */ = {
			isa = PBXVariantGroup;
			children = (
				A3D9A34F138EA2D100AFBA90 /* en */,
			);
			name = SlidingTableCellViewController.xib;
			sourceTree = "<group>";
		};
/* End PBXVariantGroup section */

/* Begin XCBuildConfiguration section */
		A3D9A351138EA2D100AFBA90 /* Debug */ = {
			isa = XCBuildConfiguration;
			buildSettings = {
				ARCHS = "$(ARCHS_STANDARD_32_BIT)";
				"CODE_SIGN_IDENTITY[sdk=iphoneos*]" = "iPhone Developer";
				GCC_C_LANGUAGE_STANDARD = gnu99;
				GCC_OPTIMIZATION_LEVEL = 0;
				GCC_PREPROCESSOR_DEFINITIONS = DEBUG;
				GCC_SYMBOLS_PRIVATE_EXTERN = NO;
				GCC_VERSION = com.apple.compilers.llvmgcc42;
				GCC_WARN_ABOUT_RETURN_TYPE = YES;
				GCC_WARN_UNUSED_VARIABLE = YES;
				IPHONEOS_DEPLOYMENT_TARGET = 4.3;
				SDKROOT = iphoneos;
			};
			name = Debug;
		};
		A3D9A352138EA2D100AFBA90 /* Release */ = {
			isa = XCBuildConfiguration;
			buildSettings = {
				ARCHS = "$(ARCHS_STANDARD_32_BIT)";
				"CODE_SIGN_IDENTITY[sdk=iphoneos*]" = "iPhone Developer";
				GCC_C_LANGUAGE_STANDARD = gnu99;
				GCC_VERSION = com.apple.compilers.llvmgcc42;
				GCC_WARN_ABOUT_RETURN_TYPE = YES;
				GCC_WARN_UNUSED_VARIABLE = YES;
				IPHONEOS_DEPLOYMENT_TARGET = 4.3;
				OTHER_CFLAGS = "-DNS_BLOCK_ASSERTIONS=1";
				SDKROOT = iphoneos;
			};
			name = Release;
		};
		A3D9A354138EA2D100AFBA90 /* Debug */ = {
			isa = XCBuildConfiguration;
			buildSettings = {
				ALWAYS_SEARCH_USER_PATHS = NO;
				COPY_PHASE_STRIP = NO;
				GCC_DYNAMIC_NO_PIC = NO;
				GCC_PRECOMPILE_PREFIX_HEADER = YES;
				GCC_PREFIX_HEADER = "SlidingTableCell/Sample/SlidingTableCell-Prefix.pch";
				INFOPLIST_FILE = "SlidingTableCell/Sample/SlidingTableCell-Info.plist";
				PRODUCT_NAME = "$(TARGET_NAME)";
				WRAPPER_EXTENSION = app;
			};
			name = Debug;
		};
		A3D9A355138EA2D100AFBA90 /* Release */ = {
			isa = XCBuildConfiguration;
			buildSettings = {
				ALWAYS_SEARCH_USER_PATHS = NO;
				COPY_PHASE_STRIP = YES;
				GCC_PRECOMPILE_PREFIX_HEADER = YES;
				GCC_PREFIX_HEADER = "SlidingTableCell/Sample/SlidingTableCell-Prefix.pch";
				INFOPLIST_FILE = "SlidingTableCell/Sample/SlidingTableCell-Info.plist";
				PRODUCT_NAME = "$(TARGET_NAME)";
				VALIDATE_PRODUCT = YES;
				WRAPPER_EXTENSION = app;
			};
			name = Release;
		};
/* End XCBuildConfiguration section */

/* Begin XCConfigurationList section */
		A3D9A32C138EA2D100AFBA90 /* Build configuration list for PBXProject "SlidingTableCell" */ = {
			isa = XCConfigurationList;
			buildConfigurations = (
				A3D9A351138EA2D100AFBA90 /* Debug */,
				A3D9A352138EA2D100AFBA90 /* Release */,
			);
			defaultConfigurationIsVisible = 0;
			defaultConfigurationName = Release;
		};
		A3D9A353138EA2D100AFBA90 /* Build configuration list for PBXNativeTarget "SlidingTableCell" */ = {
			isa = XCConfigurationList;
			buildConfigurations = (
				A3D9A354138EA2D100AFBA90 /* Debug */,
				A3D9A355138EA2D100AFBA90 /* Release */,
			);
			defaultConfigurationIsVisible = 0;
			defaultConfigurationName = Release;
		};
/* End XCConfigurationList section */
	};
	rootObject = A3D9A329138EA2D100AFBA90 /* Project object */;
}
